
Microsoft Visual Studio Solution File, Format Version 12.00
# Visual Studio 15
VisualStudioVersion = 15.0.27703.2042
MinimumVisualStudioVersion = 10.0.40219.1
Project("{FAE04EC0-301F-11D3-BF4B-00C04F79EFBC}") = "ConsoleApp2-質數", "ConsoleApp2-質數\ConsoleApp2-質數.csproj", "{D9BAEBCA-0A17-44D9-9123-7A78D9D551D3}"
EndProject
Global
	GlobalSection(SolutionConfigurationPlatforms) = preSolution
		Debug|Any CPU = Debug|Any CPU
		Release|Any CPU = Release|Any CPU
	EndGlobalSection
	GlobalSection(ProjectConfigurationPlatforms) = postSolution
		{D9BAEBCA-0A17-44D9-9123-7A78D9D551D3}.Debug|Any CPU.ActiveCfg = Debug|Any CPU
		{D9BAEBCA-0A17-44D9-9123-7A78D9D551D3}.Debug|Any CPU.Build.0 = Debug|Any CPU
		{D9BAEBCA-0A17-44D9-9123-7A78D9D551D3}.Release|Any CPU.ActiveCfg = Release|Any CPU
		{D9BAEBCA-0A17-44D9-9123-7A78D9D551D3}.Release|Any CPU.Build.0 = Release|Any CPU
	EndGlobalSection
	GlobalSection(SolutionProperties) = preSolution
		HideSolutionNode = FALSE
	EndGlobalSection
	GlobalSection(ExtensibilityGlobals) = postSolution
		SolutionGuid = {04389D9E-CC14-4BB2-BB93-052D184CD758}
	EndGlobalSection
EndGlobal
